<?xml version="1.0" encoding="utf-8"?>
<Project ToolsVersion="4.0" xmlns="http://schemas.microsoft.com/developer/msbuild/2003">
  <ItemGroup>
    <ClCompile Include="Apps\Enemy.cpp" />
    <ClCompile Include="Apps\Player.cpp" />
    <ClCompile Include="Base\IScene.cpp" />
    <ClCompile Include="Base\SceneManager.cpp" />
    <ClCompile Include="Base\DemoScene.cpp" />
    <ClCompile Include="main.cpp" />
    <ClCompile Include="Math\MathUtil.cpp" />
    <ClCompile Include="Math\Vector2.cpp" />
    <ClCompile Include="Others\Keyboard.cpp" />
    <ClCompile Include="Others\Util.cpp" />
    <ClCompile Include="Base\SceneFactory.cpp" />
    <ClCompile Include="Base\TitleScene.cpp" />
    <ClCompile Include="Others\Pad.cpp" />
    <ClCompile Include="Base\GameScene.cpp" />
    <ClCompile Include="Base\ResultScene.cpp" />
    <ClCompile Include="Apps\Stage.cpp" />
  </ItemGroup>
  <ItemGroup>
    <ClInclude Include="Apps\Enemy.h" />
    <ClInclude Include="Apps\Player.h" />
    <ClInclude Include="Base\DemoScene.h" />
    <ClInclude Include="Base\IScene.h" />
    <ClInclude Include="Base\SceneFactory.h" />
    <ClInclude Include="Base\SceneManager.h" />
    <ClInclude Include="Base\TitleScene.h" />
    <ClInclude Include="Math\MathUtil.h" />
    <ClInclude Include="Math\Vector2.h" />
    <ClInclude Include="Others\FileSystem.h" />
    <ClInclude Include="Others\Keyboard.h" />
    <ClInclude Include="Others\Util.h" />
    <ClInclude Include="Others\Pad.h" />
    <ClInclude Include="Base\GameScene.h" />
    <ClInclude Include="Base\ResultScene.h" />
    <ClInclude Include="Apps\Stage.h" />
  </ItemGroup>
</Project>