<?xml version="1.0" encoding="utf-8"?>
<Project ToolsVersion="4.0" xmlns="http://schemas.microsoft.com/developer/msbuild/2003">
  <ItemGroup>
    <Filter Include="ソース ファイル">
      <UniqueIdentifier>{4FC737F1-C7A5-4376-A066-2A32D752A2FF}</UniqueIdentifier>
      <Extensions>cpp;c;cc;cxx;def;odl;idl;hpj;bat;asm;asmx</Extensions>
    </Filter>
    <Filter Include="ヘッダー ファイル">
      <UniqueIdentifier>{93995380-89BD-4b04-88EB-625FBE52EBFB}</UniqueIdentifier>
      <Extensions>h;hh;hpp;hxx;hm;inl;inc;ipp;xsd</Extensions>
    </Filter>
    <Filter Include="リソース ファイル">
      <UniqueIdentifier>{67DA6AB6-F800-4c08-8B7A-83BB121AAD01}</UniqueIdentifier>
      <Extensions>rc;ico;cur;bmp;dlg;rc2;rct;bin;rgs;gif;jpg;jpeg;jpe;resx;tiff;tif;png;wav;mfcribbon-ms</Extensions>
    </Filter>
    <Filter Include="Apps">
      <UniqueIdentifier>{db503d73-72d4-4f84-8354-eb59dc2f8ac9}</UniqueIdentifier>
    </Filter>
    <Filter Include="Math">
      <UniqueIdentifier>{43da9c5b-8864-43de-80dd-4afcee7edfbb}</UniqueIdentifier>
    </Filter>
    <Filter Include="Others">
      <UniqueIdentifier>{78330784-7f01-4234-9e1a-8735059c21bd}</UniqueIdentifier>
    </Filter>
  </ItemGroup>
  <ItemGroup>
    <ClCompile Include="main.cpp">
      <Filter>ソース ファイル</Filter>
    </ClCompile>
    <ClCompile Include="Apps\Player.cpp">
      <Filter>Apps</Filter>
    </ClCompile>
    <ClCompile Include="Math\MathUtil.cpp">
      <Filter>Math</Filter>
    </ClCompile>
    <ClCompile Include="Math\Vector2.cpp">
      <Filter>Math</Filter>
    </ClCompile>
    <ClCompile Include="Others\Util.cpp">
      <Filter>Others</Filter>
    </ClCompile>
    <ClCompile Include="Others\Keyboard.cpp">
      <Filter>Others</Filter>
    </ClCompile>
    <ClCompile Include="Others\XPad.cpp">
      <Filter>ソース ファイル</Filter>
    </ClCompile>
  </ItemGroup>
  <ItemGroup>
    <ClInclude Include="Apps\Player.h">
      <Filter>Apps</Filter>
    </ClInclude>
    <ClInclude Include="Math\MathUtil.h">
      <Filter>Math</Filter>
    </ClInclude>
    <ClInclude Include="Math\Vector2.h">
      <Filter>Math</Filter>
    </ClInclude>
    <ClInclude Include="Others\FileSystem.h">
      <Filter>Others</Filter>
    </ClInclude>
    <ClInclude Include="Others\Util.h">
      <Filter>Others</Filter>
    </ClInclude>
    <ClInclude Include="Others\Keyboard.h">
      <Filter>Others</Filter>
    </ClInclude>
    <ClInclude Include="Others\XPad.h">
      <Filter>ヘッダー ファイル</Filter>
    </ClInclude>
  </ItemGroup>
</Project>